
Microsoft Visual Studio Solution File, Format Version 12.00
# Visual Studio Version 17
VisualStudioVersion = 17.12.35514.174
MinimumVisualStudioVersion = 10.0.40219.1
Project("{9A19103F-16F7-4668-BE54-9A1E7A4F7556}") = "ICS_Tickets_Tools", "ICS_Tickets_Tools\ICS_Tickets_Tools.csproj", "{92D238E4-B760-4B97-A327-26AF359D509D}"
EndProject
Global
	GlobalSection(SolutionConfigurationPlatforms) = preSolution
		Debug|Any CPU = Debug|Any CPU
		Release|Any CPU = Release|Any CPU
	EndGlobalSection
	GlobalSection(ProjectConfigurationPlatforms) = postSolution
		{92D238E4-B760-4B97-A327-26AF359D509D}.Debug|Any CPU.ActiveCfg = Debug|Any CPU
		{92D238E4-B760-4B97-A327-26AF359D509D}.Debug|Any CPU.Build.0 = Debug|Any CPU
		{92D238E4-B760-4B97-A327-26AF359D509D}.Release|Any CPU.ActiveCfg = Release|Any CPU
		{92D238E4-B760-4B97-A327-26AF359D509D}.Release|Any CPU.Build.0 = Release|Any CPU
	EndGlobalSection
	GlobalSection(SolutionProperties) = preSolution
		HideSolutionNode = FALSE
	EndGlobalSection
	GlobalSection(ExtensibilityGlobals) = postSolution
		SolutionGuid = {44973782-B574-41A7-A8BF-1F129C8B8364}
	EndGlobalSection
EndGlobal
